
Microsoft Visual Studio Solution File, Format Version 12.00
# Visual Studio Version 16
VisualStudioVersion = 16.0.31005.135
MinimumVisualStudioVersion = 10.0.40219.1
Project("{FAE04EC0-301F-11D3-BF4B-00C04F79EFBC}") = "InterfaceLab1", "InterfaceLab1.csproj", "{EFE25E69-0E65-43A6-81A6-23F9CC29FDBC}"
EndProject
Project("{FAE04EC0-301F-11D3-BF4B-00C04F79EFBC}") = "InterfaceLab2", "InterfaceLab2\InterfaceLab2.csproj", "{CBDFC054-8179-4ADF-97FF-031F02DAC600}"
EndProject
Global
	GlobalSection(SolutionConfigurationPlatforms) = preSolution
		Debug|Any CPU = Debug|Any CPU
		Release|Any CPU = Release|Any CPU
	EndGlobalSection
	GlobalSection(ProjectConfigurationPlatforms) = postSolution
		{EFE25E69-0E65-43A6-81A6-23F9CC29FDBC}.Debug|Any CPU.ActiveCfg = Debug|Any CPU
		{EFE25E69-0E65-43A6-81A6-23F9CC29FDBC}.Debug|Any CPU.Build.0 = Debug|Any CPU
		{EFE25E69-0E65-43A6-81A6-23F9CC29FDBC}.Release|Any CPU.ActiveCfg = Release|Any CPU
		{EFE25E69-0E65-43A6-81A6-23F9CC29FDBC}.Release|Any CPU.Build.0 = Release|Any CPU
		{CBDFC054-8179-4ADF-97FF-031F02DAC600}.Debug|Any CPU.ActiveCfg = Debug|Any CPU
		{CBDFC054-8179-4ADF-97FF-031F02DAC600}.Debug|Any CPU.Build.0 = Debug|Any CPU
		{CBDFC054-8179-4ADF-97FF-031F02DAC600}.Release|Any CPU.ActiveCfg = Release|Any CPU
		{CBDFC054-8179-4ADF-97FF-031F02DAC600}.Release|Any CPU.Build.0 = Release|Any CPU
	EndGlobalSection
	GlobalSection(SolutionProperties) = preSolution
		HideSolutionNode = FALSE
	EndGlobalSection
	GlobalSection(ExtensibilityGlobals) = postSolution
		SolutionGuid = {A6C86177-0890-4B9B-B1E5-1ED8438DE2B4}
	EndGlobalSection
EndGlobal
